
Microsoft Visual Studio Solution File, Format Version 12.00
# Visual Studio Version 17
VisualStudioVersion = 17.9.34728.123
MinimumVisualStudioVersion = 10.0.40219.1
Project("{FAE04EC0-301F-11D3-BF4B-00C04F79EFBC}") = "Ejercicio 01 operacionesBásicas", "Ejercicio_01_operaciones_Básicas\Ejercicio 01 operacionesBásicas.csproj", "{8B628957-7B8F-412D-9815-2A91A58CA551}"
EndProject
Project("{FAE04EC0-301F-11D3-BF4B-00C04F79EFBC}") = "Ejercicio 02 Par_o_Impar", "Ejercico_02_Par_o_Impar\Ejercicio 02 Par_o_Impar.csproj", "{0B4527CE-951B-4EBB-88EF-C3F96B5B79D8}"
EndProject
Project("{FAE04EC0-301F-11D3-BF4B-00C04F79EFBC}") = "Ejercicio 03 Area_de_Triangulo", "ejercicio03_Area_de_Triangulo\Ejercicio 03 Area_de_Triangulo.csproj", "{8090A204-B695-4B04-8DE7-026F21022300}"
EndProject
Project("{FAE04EC0-301F-11D3-BF4B-00C04F79EFBC}") = "Ejercicio 04 factorial", "Ejercico04_factorial\Ejercicio 04 factorial.csproj", "{446D66F3-F41D-4790-B217-1564A0EEA27E}"
EndProject
Project("{FAE04EC0-301F-11D3-BF4B-00C04F79EFBC}") = "Ejercicio 05 Número_Primo", "Ejercicio05_Número_Primo\Ejercicio 05 Número_Primo.csproj", "{9CFDF321-06BD-4D3E-99B8-5CE41157E4B6}"
EndProject
Project("{FAE04EC0-301F-11D3-BF4B-00C04F79EFBC}") = "Ejercicio 06 Inversión de Cadena", "Ejercicio 06 Inversión de Cadena\Ejercicio 06 Inversión de Cadena.csproj", "{951BC33B-A0E4-4857-9DE7-EE0413C5CF21}"
EndProject
Project("{FAE04EC0-301F-11D3-BF4B-00C04F79EFBC}") = "Ejercicio 07 suma de pares", "Ejercicio 07 suma de pares\Ejercicio 07 suma de pares.csproj", "{3A06EC44-EC37-4487-BD92-C93641F26448}"
EndProject
Project("{FAE04EC0-301F-11D3-BF4B-00C04F79EFBC}") = "Ejercicio 08 Lista de Cuadrados", "Ejercicio 08 Lista de Cuadrados\Ejercicio 08 Lista de Cuadrados.csproj", "{DE08ECF7-2C62-450B-8811-5B9571BEED59}"
EndProject
Project("{FAE04EC0-301F-11D3-BF4B-00C04F79EFBC}") = "Ejercicio 09 Contador de Vocales", "Ejercicio 09 Contador de Vocales\Ejercicio 09 Contador de Vocales.csproj", "{52EAE4F4-BADC-46F1-8288-5D5BDD8FB0CC}"
EndProject
Project("{FAE04EC0-301F-11D3-BF4B-00C04F79EFBC}") = "Ejercicio 10 Números de la Serie Fibonacci", "Ejercicio 10 Números de la Serie Fibonacci\Ejercicio 10 Números de la Serie Fibonacci.csproj", "{C00A66FD-A986-4DC4-BACF-F592E22A31CC}"
EndProject
Project("{FAE04EC0-301F-11D3-BF4B-00C04F79EFBC}") = "Ejercicio 11 Ordenamiento de Lista", "Ejercicio 11 Ordenamiento de Lista\Ejercicio 11 Ordenamiento de Lista.csproj", "{85081DBB-6DF2-4478-9E0D-3C6374BD994B}"
EndProject
Project("{FAE04EC0-301F-11D3-BF4B-00C04F79EFBC}") = "Ejercicio 12 Palíndromo", "Ejercicio 12 Palíndromo\Ejercicio 12 Palíndromo.csproj", "{32263B32-9F13-4176-B437-876973A4EB08}"
EndProject
Project("{FAE04EC0-301F-11D3-BF4B-00C04F79EFBC}") = "Ejercicio 13 Tablas de Multiplicar", "Ejercicio 13 Tablas de Multiplicar\Ejercicio 13 Tablas de Multiplicar.csproj", "{3E18EEB7-44CA-4459-A7EC-34FD77F0520F}"
EndProject
Project("{FAE04EC0-301F-11D3-BF4B-00C04F79EFBC}") = "Ejercicio 14 Cálculo del Área de un Círculo", "Ejercicio 14 Cálculo del Área de un Círculo\Ejercicio 14 Cálculo del Área de un Círculo.csproj", "{EDBD9495-876E-46B5-BDA5-E6ABC5216C26}"
EndProject
Project("{FAE04EC0-301F-11D3-BF4B-00C04F79EFBC}") = "Ejercicio 15 Suma de Dígitos", "Ejercicio 15 Suma de Dígitos\Ejercicio 15 Suma de Dígitos.csproj", "{6F753C6E-1078-48DB-9392-8372666DE58A}"
EndProject
Global
	GlobalSection(SolutionConfigurationPlatforms) = preSolution
		Debug|Any CPU = Debug|Any CPU
		Release|Any CPU = Release|Any CPU
	EndGlobalSection
	GlobalSection(ProjectConfigurationPlatforms) = postSolution
		{8B628957-7B8F-412D-9815-2A91A58CA551}.Debug|Any CPU.ActiveCfg = Debug|Any CPU
		{8B628957-7B8F-412D-9815-2A91A58CA551}.Debug|Any CPU.Build.0 = Debug|Any CPU
		{8B628957-7B8F-412D-9815-2A91A58CA551}.Release|Any CPU.ActiveCfg = Release|Any CPU
		{8B628957-7B8F-412D-9815-2A91A58CA551}.Release|Any CPU.Build.0 = Release|Any CPU
		{0B4527CE-951B-4EBB-88EF-C3F96B5B79D8}.Debug|Any CPU.ActiveCfg = Debug|Any CPU
		{0B4527CE-951B-4EBB-88EF-C3F96B5B79D8}.Debug|Any CPU.Build.0 = Debug|Any CPU
		{0B4527CE-951B-4EBB-88EF-C3F96B5B79D8}.Release|Any CPU.ActiveCfg = Release|Any CPU
		{0B4527CE-951B-4EBB-88EF-C3F96B5B79D8}.Release|Any CPU.Build.0 = Release|Any CPU
		{8090A204-B695-4B04-8DE7-026F21022300}.Debug|Any CPU.ActiveCfg = Debug|Any CPU
		{8090A204-B695-4B04-8DE7-026F21022300}.Debug|Any CPU.Build.0 = Debug|Any CPU
		{8090A204-B695-4B04-8DE7-026F21022300}.Release|Any CPU.ActiveCfg = Release|Any CPU
		{8090A204-B695-4B04-8DE7-026F21022300}.Release|Any CPU.Build.0 = Release|Any CPU
		{446D66F3-F41D-4790-B217-1564A0EEA27E}.Debug|Any CPU.ActiveCfg = Debug|Any CPU
		{446D66F3-F41D-4790-B217-1564A0EEA27E}.Debug|Any CPU.Build.0 = Debug|Any CPU
		{446D66F3-F41D-4790-B217-1564A0EEA27E}.Release|Any CPU.ActiveCfg = Release|Any CPU
		{446D66F3-F41D-4790-B217-1564A0EEA27E}.Release|Any CPU.Build.0 = Release|Any CPU
		{9CFDF321-06BD-4D3E-99B8-5CE41157E4B6}.Debug|Any CPU.ActiveCfg = Debug|Any CPU
		{9CFDF321-06BD-4D3E-99B8-5CE41157E4B6}.Debug|Any CPU.Build.0 = Debug|Any CPU
		{9CFDF321-06BD-4D3E-99B8-5CE41157E4B6}.Release|Any CPU.ActiveCfg = Release|Any CPU
		{9CFDF321-06BD-4D3E-99B8-5CE41157E4B6}.Release|Any CPU.Build.0 = Release|Any CPU
		{951BC33B-A0E4-4857-9DE7-EE0413C5CF21}.Debug|Any CPU.ActiveCfg = Debug|Any CPU
		{951BC33B-A0E4-4857-9DE7-EE0413C5CF21}.Debug|Any CPU.Build.0 = Debug|Any CPU
		{951BC33B-A0E4-4857-9DE7-EE0413C5CF21}.Release|Any CPU.ActiveCfg = Release|Any CPU
		{951BC33B-A0E4-4857-9DE7-EE0413C5CF21}.Release|Any CPU.Build.0 = Release|Any CPU
		{3A06EC44-EC37-4487-BD92-C93641F26448}.Debug|Any CPU.ActiveCfg = Debug|Any CPU
		{3A06EC44-EC37-4487-BD92-C93641F26448}.Debug|Any CPU.Build.0 = Debug|Any CPU
		{3A06EC44-EC37-4487-BD92-C93641F26448}.Release|Any CPU.ActiveCfg = Release|Any CPU
		{3A06EC44-EC37-4487-BD92-C93641F26448}.Release|Any CPU.Build.0 = Release|Any CPU
		{DE08ECF7-2C62-450B-8811-5B9571BEED59}.Debug|Any CPU.ActiveCfg = Debug|Any CPU
		{DE08ECF7-2C62-450B-8811-5B9571BEED59}.Debug|Any CPU.Build.0 = Debug|Any CPU
		{DE08ECF7-2C62-450B-8811-5B9571BEED59}.Release|Any CPU.ActiveCfg = Release|Any CPU
		{DE08ECF7-2C62-450B-8811-5B9571BEED59}.Release|Any CPU.Build.0 = Release|Any CPU
		{52EAE4F4-BADC-46F1-8288-5D5BDD8FB0CC}.Debug|Any CPU.ActiveCfg = Debug|Any CPU
		{52EAE4F4-BADC-46F1-8288-5D5BDD8FB0CC}.Debug|Any CPU.Build.0 = Debug|Any CPU
		{52EAE4F4-BADC-46F1-8288-5D5BDD8FB0CC}.Release|Any CPU.ActiveCfg = Release|Any CPU
		{52EAE4F4-BADC-46F1-8288-5D5BDD8FB0CC}.Release|Any CPU.Build.0 = Release|Any CPU
		{C00A66FD-A986-4DC4-BACF-F592E22A31CC}.Debug|Any CPU.ActiveCfg = Debug|Any CPU
		{C00A66FD-A986-4DC4-BACF-F592E22A31CC}.Debug|Any CPU.Build.0 = Debug|Any CPU
		{C00A66FD-A986-4DC4-BACF-F592E22A31CC}.Release|Any CPU.ActiveCfg = Release|Any CPU
		{C00A66FD-A986-4DC4-BACF-F592E22A31CC}.Release|Any CPU.Build.0 = Release|Any CPU
		{85081DBB-6DF2-4478-9E0D-3C6374BD994B}.Debug|Any CPU.ActiveCfg = Debug|Any CPU
		{85081DBB-6DF2-4478-9E0D-3C6374BD994B}.Debug|Any CPU.Build.0 = Debug|Any CPU
		{85081DBB-6DF2-4478-9E0D-3C6374BD994B}.Release|Any CPU.ActiveCfg = Release|Any CPU
		{85081DBB-6DF2-4478-9E0D-3C6374BD994B}.Release|Any CPU.Build.0 = Release|Any CPU
		{32263B32-9F13-4176-B437-876973A4EB08}.Debug|Any CPU.ActiveCfg = Debug|Any CPU
		{32263B32-9F13-4176-B437-876973A4EB08}.Debug|Any CPU.Build.0 = Debug|Any CPU
		{32263B32-9F13-4176-B437-876973A4EB08}.Release|Any CPU.ActiveCfg = Release|Any CPU
		{32263B32-9F13-4176-B437-876973A4EB08}.Release|Any CPU.Build.0 = Release|Any CPU
		{3E18EEB7-44CA-4459-A7EC-34FD77F0520F}.Debug|Any CPU.ActiveCfg = Debug|Any CPU
		{3E18EEB7-44CA-4459-A7EC-34FD77F0520F}.Debug|Any CPU.Build.0 = Debug|Any CPU
		{3E18EEB7-44CA-4459-A7EC-34FD77F0520F}.Release|Any CPU.ActiveCfg = Release|Any CPU
		{3E18EEB7-44CA-4459-A7EC-34FD77F0520F}.Release|Any CPU.Build.0 = Release|Any CPU
		{EDBD9495-876E-46B5-BDA5-E6ABC5216C26}.Debug|Any CPU.ActiveCfg = Debug|Any CPU
		{EDBD9495-876E-46B5-BDA5-E6ABC5216C26}.Debug|Any CPU.Build.0 = Debug|Any CPU
		{EDBD9495-876E-46B5-BDA5-E6ABC5216C26}.Release|Any CPU.ActiveCfg = Release|Any CPU
		{EDBD9495-876E-46B5-BDA5-E6ABC5216C26}.Release|Any CPU.Build.0 = Release|Any CPU
		{6F753C6E-1078-48DB-9392-8372666DE58A}.Debug|Any CPU.ActiveCfg = Debug|Any CPU
		{6F753C6E-1078-48DB-9392-8372666DE58A}.Debug|Any CPU.Build.0 = Debug|Any CPU
		{6F753C6E-1078-48DB-9392-8372666DE58A}.Release|Any CPU.ActiveCfg = Release|Any CPU
		{6F753C6E-1078-48DB-9392-8372666DE58A}.Release|Any CPU.Build.0 = Release|Any CPU
	EndGlobalSection
	GlobalSection(SolutionProperties) = preSolution
		HideSolutionNode = FALSE
	EndGlobalSection
	GlobalSection(ExtensibilityGlobals) = postSolution
		SolutionGuid = {EDD8290E-E5EB-4DFF-9C25-D754535CBEAC}
	EndGlobalSection
EndGlobal
